// !$*UTF8*$!
{
	archiveVersion = 1;
	classes = {
	};
	objectVersion = 56;
	objects = {

/* Begin PBXBuildFile section */
		2C44B9722CFA386000E76F86 /* pokedexsamorApp.swift in Sources */ = {isa = PBXBuildFile; fileRef = 2C44B9712CFA385C00E76F86 /* pokedexsamorApp.swift */; };
		2C44B9762CFA408500E76F86 /* PokemonDetail.swift in Sources */ = {isa = PBXBuildFile; fileRef = 2C44B9752CFA408000E76F86 /* PokemonDetail.swift */; };
		2CA0E4172CFFB1E600CC16A5 /* PokemonRowNavigationView.swift in Sources */ = {isa = PBXBuildFile; fileRef = 2CA0E4162CFFB1DC00CC16A5 /* PokemonRowNavigationView.swift */; };
		2CA0E4192CFFC5FB00CC16A5 /* AboutTavView.swift in Sources */ = {isa = PBXBuildFile; fileRef = 2CA0E4182CFFC5F300CC16A5 /* AboutTavView.swift */; };
		2CA0E41B2CFFC60F00CC16A5 /* StatsTabView.swift in Sources */ = {isa = PBXBuildFile; fileRef = 2CA0E41A2CFFC60B00CC16A5 /* StatsTabView.swift */; };
		2CA0E41E2CFFC63B00CC16A5 /* EvolutionTabView.swift in Sources */ = {isa = PBXBuildFile; fileRef = 2CA0E41D2CFFC63600CC16A5 /* EvolutionTabView.swift */; };
		2CA0E4202CFFC6A900CC16A5 /* HeaderView.swift in Sources */ = {isa = PBXBuildFile; fileRef = 2CA0E41F2CFFC6A500CC16A5 /* HeaderView.swift */; };
		2CA0E4222CFFC6F100CC16A5 /* ProgressBarView.swift in Sources */ = {isa = PBXBuildFile; fileRef = 2CA0E4212CFFC6EB00CC16A5 /* ProgressBarView.swift */; };
		2CABCFD52D0346C400A28782 /* QRCodeScannerView.swift in Sources */ = {isa = PBXBuildFile; fileRef = 2CABCFD42D0346C400A28782 /* QRCodeScannerView.swift */; };
		2CABCFD72D03476600A28782 /* QRCodeScannerViewController.swift in Sources */ = {isa = PBXBuildFile; fileRef = 2CABCFD62D03476600A28782 /* QRCodeScannerViewController.swift */; };
		2CABCFDB2D034FD300A28782 /* TabButton.swift in Sources */ = {isa = PBXBuildFile; fileRef = 2CABCFDA2D034FD300A28782 /* TabButton.swift */; };
		2CD853ED2CFA00150059345D /* pokedexsamorApp.swift in Sources */ = {isa = PBXBuildFile; fileRef = 2CD853EC2CFA00150059345D /* pokedexsamorApp.swift */; };
		2CD853F12CFA00160059345D /* Assets.xcassets in Resources */ = {isa = PBXBuildFile; fileRef = 2CD853F02CFA00160059345D /* Assets.xcassets */; };
		2CD853F42CFA00160059345D /* Preview Assets.xcassets in Resources */ = {isa = PBXBuildFile; fileRef = 2CD853F32CFA00160059345D /* Preview Assets.xcassets */; };
		2CD853FE2CFA00160059345D /* pokedexsamorTests.swift in Sources */ = {isa = PBXBuildFile; fileRef = 2CD853FD2CFA00160059345D /* pokedexsamorTests.swift */; };
		2CD854082CFA00160059345D /* pokedexsamorUITests.swift in Sources */ = {isa = PBXBuildFile; fileRef = 2CD854072CFA00160059345D /* pokedexsamorUITests.swift */; };
		2CD8540A2CFA00160059345D /* pokedexsamorUITestsLaunchTests.swift in Sources */ = {isa = PBXBuildFile; fileRef = 2CD854092CFA00160059345D /* pokedexsamorUITestsLaunchTests.swift */; };
		2CD8541B2CFA00D20059345D /* Pokemon.swift in Sources */ = {isa = PBXBuildFile; fileRef = 2CD8541A2CFA00D20059345D /* Pokemon.swift */; };
		2CD8541D2CFA00F70059345D /* User.swift in Sources */ = {isa = PBXBuildFile; fileRef = 2CD8541C2CFA00F70059345D /* User.swift */; };
		2CD8541F2CFA022C0059345D /* SplashView.swift in Sources */ = {isa = PBXBuildFile; fileRef = 2CD8541E2CFA022C0059345D /* SplashView.swift */; };
		2CD854212CFA026F0059345D /* LoginView.swift in Sources */ = {isa = PBXBuildFile; fileRef = 2CD854202CFA026F0059345D /* LoginView.swift */; };
		2CD854232CFA03660059345D /* PokemonListView.swift in Sources */ = {isa = PBXBuildFile; fileRef = 2CD854222CFA03660059345D /* PokemonListView.swift */; };
		2CD854252CFA03740059345D /* PokemonDetailView.swift in Sources */ = {isa = PBXBuildFile; fileRef = 2CD854242CFA03740059345D /* PokemonDetailView.swift */; };
		2CD854272CFA03830059345D /* TypeFilterSheet.swift in Sources */ = {isa = PBXBuildFile; fileRef = 2CD854262CFA03830059345D /* TypeFilterSheet.swift */; };
		2CD854292CFA039F0059345D /* LoginViewModel.swift in Sources */ = {isa = PBXBuildFile; fileRef = 2CD854282CFA039F0059345D /* LoginViewModel.swift */; };
		2CD8542B2CFA03B00059345D /* PokemonListViewModel.swift in Sources */ = {isa = PBXBuildFile; fileRef = 2CD8542A2CFA03B00059345D /* PokemonListViewModel.swift */; };
		2CD8542D2CFA03C00059345D /* PokemonDetailViewModel.swift in Sources */ = {isa = PBXBuildFile; fileRef = 2CD8542C2CFA03C00059345D /* PokemonDetailViewModel.swift */; };
		2CD8542F2CFA03CB0059345D /* APIService.swift in Sources */ = {isa = PBXBuildFile; fileRef = 2CD8542E2CFA03CB0059345D /* APIService.swift */; };
		2CD854312CFA03D60059345D /* AuthService.swift in Sources */ = {isa = PBXBuildFile; fileRef = 2CD854302CFA03D60059345D /* AuthService.swift */; };
		2CD854332CFA03E20059345D /* PokemonService.swift in Sources */ = {isa = PBXBuildFile; fileRef = 2CD854322CFA03E20059345D /* PokemonService.swift */; };
		2CD854352CFA044B0059345D /* PokemonRow.swift in Sources */ = {isa = PBXBuildFile; fileRef = 2CD854342CFA044B0059345D /* PokemonRow.swift */; };
		2CD854632CFA0ADC0059345D /* ProgressView.swift in Sources */ = {isa = PBXBuildFile; fileRef = 2CD854622CFA0ADC0059345D /* ProgressView.swift */; };
		2CF3CB332CFF8C790044ABF5 /* Color.swift in Sources */ = {isa = PBXBuildFile; fileRef = 2CF3CB322CFF8C770044ABF5 /* Color.swift */; };
		2CF3CB352CFF951A0044ABF5 /* PokemonTypeChip.swift in Sources */ = {isa = PBXBuildFile; fileRef = 2CF3CB342CFF950E0044ABF5 /* PokemonTypeChip.swift */; };
		2CF3CB3B2CFFA56E0044ABF5 /* pokemonSearchView.swift in Sources */ = {isa = PBXBuildFile; fileRef = 2CF3CB3A2CFFA5630044ABF5 /* pokemonSearchView.swift */; };
/* End PBXBuildFile section */

/* Begin PBXContainerItemProxy section */
		2CD853FA2CFA00160059345D /* PBXContainerItemProxy */ = {
			isa = PBXContainerItemProxy;
			containerPortal = 2CD853E12CFA00150059345D /* Project object */;
			proxyType = 1;
			remoteGlobalIDString = 2CD853E82CFA00150059345D;
			remoteInfo = pokedexsamor;
		};
		2CD854042CFA00160059345D /* PBXContainerItemProxy */ = {
			isa = PBXContainerItemProxy;
			containerPortal = 2CD853E12CFA00150059345D /* Project object */;
			proxyType = 1;
			remoteGlobalIDString = 2CD853E82CFA00150059345D;
			remoteInfo = pokedexsamor;
		};
/* End PBXContainerItemProxy section */

/* Begin PBXFileReference section */
		2C44B9712CFA385C00E76F86 /* pokedexsamorApp.swift */ = {isa = PBXFileReference; lastKnownFileType = sourcecode.swift; path = pokedexsamorApp.swift; sourceTree = "<group>"; };
		2C44B9752CFA408000E76F86 /* PokemonDetail.swift */ = {isa = PBXFileReference; lastKnownFileType = sourcecode.swift; path = PokemonDetail.swift; sourceTree = "<group>"; };
		2CA0E4162CFFB1DC00CC16A5 /* PokemonRowNavigationView.swift */ = {isa = PBXFileReference; lastKnownFileType = sourcecode.swift; path = PokemonRowNavigationView.swift; sourceTree = "<group>"; };
		2CA0E4182CFFC5F300CC16A5 /* AboutTavView.swift */ = {isa = PBXFileReference; lastKnownFileType = sourcecode.swift; path = AboutTavView.swift; sourceTree = "<group>"; };
		2CA0E41A2CFFC60B00CC16A5 /* StatsTabView.swift */ = {isa = PBXFileReference; lastKnownFileType = sourcecode.swift; path = StatsTabView.swift; sourceTree = "<group>"; };
		2CA0E41D2CFFC63600CC16A5 /* EvolutionTabView.swift */ = {isa = PBXFileReference; lastKnownFileType = sourcecode.swift; path = EvolutionTabView.swift; sourceTree = "<group>"; };
		2CA0E41F2CFFC6A500CC16A5 /* HeaderView.swift */ = {isa = PBXFileReference; lastKnownFileType = sourcecode.swift; path = HeaderView.swift; sourceTree = "<group>"; };
		2CA0E4212CFFC6EB00CC16A5 /* ProgressBarView.swift */ = {isa = PBXFileReference; lastKnownFileType = sourcecode.swift; path = ProgressBarView.swift; sourceTree = "<group>"; };
		2CABCFD42D0346C400A28782 /* QRCodeScannerView.swift */ = {isa = PBXFileReference; lastKnownFileType = sourcecode.swift; path = QRCodeScannerView.swift; sourceTree = "<group>"; };
		2CABCFD62D03476600A28782 /* QRCodeScannerViewController.swift */ = {isa = PBXFileReference; lastKnownFileType = sourcecode.swift; path = QRCodeScannerViewController.swift; sourceTree = "<group>"; };
		2CABCFDA2D034FD300A28782 /* TabButton.swift */ = {isa = PBXFileReference; lastKnownFileType = sourcecode.swift; path = TabButton.swift; sourceTree = "<group>"; };
		2CABCFDC2D03624300A28782 /* Info.plist */ = {isa = PBXFileReference; lastKnownFileType = text.plist; path = Info.plist; sourceTree = "<group>"; };
		2CD853E92CFA00150059345D /* pokedexsamor.app */ = {isa = PBXFileReference; explicitFileType = wrapper.application; includeInIndex = 0; path = pokedexsamor.app; sourceTree = BUILT_PRODUCTS_DIR; };
		2CD853EC2CFA00150059345D /* pokedexsamorApp.swift */ = {isa = PBXFileReference; lastKnownFileType = sourcecode.swift; path = pokedexsamorApp.swift; sourceTree = "<group>"; };
		2CD853F02CFA00160059345D /* Assets.xcassets */ = {isa = PBXFileReference; lastKnownFileType = folder.assetcatalog; path = Assets.xcassets; sourceTree = "<group>"; };
		2CD853F32CFA00160059345D /* Preview Assets.xcassets */ = {isa = PBXFileReference; lastKnownFileType = folder.assetcatalog; path = "Preview Assets.xcassets"; sourceTree = "<group>"; };
		2CD853F92CFA00160059345D /* pokedexsamorTests.xctest */ = {isa = PBXFileReference; explicitFileType = wrapper.cfbundle; includeInIndex = 0; path = pokedexsamorTests.xctest; sourceTree = BUILT_PRODUCTS_DIR; };
		2CD853FD2CFA00160059345D /* pokedexsamorTests.swift */ = {isa = PBXFileReference; lastKnownFileType = sourcecode.swift; path = pokedexsamorTests.swift; sourceTree = "<group>"; };
		2CD854032CFA00160059345D /* pokedexsamorUITests.xctest */ = {isa = PBXFileReference; explicitFileType = wrapper.cfbundle; includeInIndex = 0; path = pokedexsamorUITests.xctest; sourceTree = BUILT_PRODUCTS_DIR; };
		2CD854072CFA00160059345D /* pokedexsamorUITests.swift */ = {isa = PBXFileReference; lastKnownFileType = sourcecode.swift; path = pokedexsamorUITests.swift; sourceTree = "<group>"; };
		2CD854092CFA00160059345D /* pokedexsamorUITestsLaunchTests.swift */ = {isa = PBXFileReference; lastKnownFileType = sourcecode.swift; path = pokedexsamorUITestsLaunchTests.swift; sourceTree = "<group>"; };
		2CD8541A2CFA00D20059345D /* Pokemon.swift */ = {isa = PBXFileReference; lastKnownFileType = sourcecode.swift; path = Pokemon.swift; sourceTree = "<group>"; };
		2CD8541C2CFA00F70059345D /* User.swift */ = {isa = PBXFileReference; lastKnownFileType = sourcecode.swift; path = User.swift; sourceTree = "<group>"; };
		2CD8541E2CFA022C0059345D /* SplashView.swift */ = {isa = PBXFileReference; lastKnownFileType = sourcecode.swift; path = SplashView.swift; sourceTree = "<group>"; };
		2CD854202CFA026F0059345D /* LoginView.swift */ = {isa = PBXFileReference; lastKnownFileType = sourcecode.swift; path = LoginView.swift; sourceTree = "<group>"; };
		2CD854222CFA03660059345D /* PokemonListView.swift */ = {isa = PBXFileReference; lastKnownFileType = sourcecode.swift; path = PokemonListView.swift; sourceTree = "<group>"; };
		2CD854242CFA03740059345D /* PokemonDetailView.swift */ = {isa = PBXFileReference; lastKnownFileType = sourcecode.swift; path = PokemonDetailView.swift; sourceTree = "<group>"; };
		2CD854262CFA03830059345D /* TypeFilterSheet.swift */ = {isa = PBXFileReference; lastKnownFileType = sourcecode.swift; path = TypeFilterSheet.swift; sourceTree = "<group>"; };
		2CD854282CFA039F0059345D /* LoginViewModel.swift */ = {isa = PBXFileReference; lastKnownFileType = sourcecode.swift; path = LoginViewModel.swift; sourceTree = "<group>"; };
		2CD8542A2CFA03B00059345D /* PokemonListViewModel.swift */ = {isa = PBXFileReference; lastKnownFileType = sourcecode.swift; path = PokemonListViewModel.swift; sourceTree = "<group>"; };
		2CD8542C2CFA03C00059345D /* PokemonDetailViewModel.swift */ = {isa = PBXFileReference; lastKnownFileType = sourcecode.swift; path = PokemonDetailViewModel.swift; sourceTree = "<group>"; };
		2CD8542E2CFA03CB0059345D /* APIService.swift */ = {isa = PBXFileReference; lastKnownFileType = sourcecode.swift; path = APIService.swift; sourceTree = "<group>"; };
		2CD854302CFA03D60059345D /* AuthService.swift */ = {isa = PBXFileReference; lastKnownFileType = sourcecode.swift; path = AuthService.swift; sourceTree = "<group>"; };
		2CD854322CFA03E20059345D /* PokemonService.swift */ = {isa = PBXFileReference; lastKnownFileType = sourcecode.swift; path = PokemonService.swift; sourceTree = "<group>"; };
		2CD854342CFA044B0059345D /* PokemonRow.swift */ = {isa = PBXFileReference; lastKnownFileType = sourcecode.swift; path = PokemonRow.swift; sourceTree = "<group>"; };
		2CD854622CFA0ADC0059345D /* ProgressView.swift */ = {isa = PBXFileReference; lastKnownFileType = sourcecode.swift; path = ProgressView.swift; sourceTree = "<group>"; };
		2CF3CB322CFF8C770044ABF5 /* Color.swift */ = {isa = PBXFileReference; lastKnownFileType = sourcecode.swift; path = Color.swift; sourceTree = "<group>"; };
		2CF3CB342CFF950E0044ABF5 /* PokemonTypeChip.swift */ = {isa = PBXFileReference; lastKnownFileType = sourcecode.swift; path = PokemonTypeChip.swift; sourceTree = "<group>"; };
		2CF3CB3A2CFFA5630044ABF5 /* pokemonSearchView.swift */ = {isa = PBXFileReference; lastKnownFileType = sourcecode.swift; path = pokemonSearchView.swift; sourceTree = "<group>"; };
/* End PBXFileReference section */

/* Begin PBXFrameworksBuildPhase section */
		2CD853E62CFA00150059345D /* Frameworks */ = {
			isa = PBXFrameworksBuildPhase;
			buildActionMask = 2147483647;
			files = (
			);
			runOnlyForDeploymentPostprocessing = 0;
		};
		2CD853F62CFA00160059345D /* Frameworks */ = {
			isa = PBXFrameworksBuildPhase;
			buildActionMask = 2147483647;
			files = (
			);
			runOnlyForDeploymentPostprocessing = 0;
		};
		2CD854002CFA00160059345D /* Frameworks */ = {
			isa = PBXFrameworksBuildPhase;
			buildActionMask = 2147483647;
			files = (
			);
			runOnlyForDeploymentPostprocessing = 0;
		};
/* End PBXFrameworksBuildPhase section */

/* Begin PBXGroup section */
		2CABCFD12D03465C00A28782 /* code_qr */ = {
			isa = PBXGroup;
			children = (
				2CABCFD42D0346C400A28782 /* QRCodeScannerView.swift */,
			);
			path = code_qr;
			sourceTree = "<group>";
		};
		2CD853E02CFA00150059345D = {
			isa = PBXGroup;
			children = (
				2CD853EC2CFA00150059345D /* pokedexsamorApp.swift */,
				2C44B9712CFA385C00E76F86 /* pokedexsamorApp.swift */,
				2CD853EB2CFA00150059345D /* pokedexsamor */,
				2CD853F02CFA00160059345D /* Assets.xcassets */,
				2CD853FC2CFA00160059345D /* pokedexsamorTests */,
				2CD854062CFA00160059345D /* pokedexsamorUITests */,
				2CD853EA2CFA00150059345D /* Products */,
			);
			sourceTree = "<group>";
		};
		2CD853EA2CFA00150059345D /* Products */ = {
			isa = PBXGroup;
			children = (
				2CD853E92CFA00150059345D /* pokedexsamor.app */,
				2CD853F92CFA00160059345D /* pokedexsamorTests.xctest */,
				2CD854032CFA00160059345D /* pokedexsamorUITests.xctest */,
			);
			name = Products;
			sourceTree = "<group>";
		};
		2CD853EB2CFA00150059345D /* pokedexsamor */ = {
			isa = PBXGroup;
			children = (
				2CABCFDC2D03624300A28782 /* Info.plist */,
				2CD854162CFA00490059345D /* Models */,
				2CD854172CFA005F0059345D /* Views */,
				2CD854182CFA006C0059345D /* ViewsModels */,
				2CD854192CFA00830059345D /* Services */,
				2CD853F22CFA00160059345D /* Preview Content */,
			);
			path = pokedexsamor;
			sourceTree = "<group>";
		};
		2CD853F22CFA00160059345D /* Preview Content */ = {
			isa = PBXGroup;
			children = (
				2CD853F32CFA00160059345D /* Preview Assets.xcassets */,
			);
			path = "Preview Content";
			sourceTree = "<group>";
		};
		2CD853FC2CFA00160059345D /* pokedexsamorTests */ = {
			isa = PBXGroup;
			children = (
				2CD853FD2CFA00160059345D /* pokedexsamorTests.swift */,
			);
			path = pokedexsamorTests;
			sourceTree = "<group>";
		};
		2CD854062CFA00160059345D /* pokedexsamorUITests */ = {
			isa = PBXGroup;
			children = (
				2CD854072CFA00160059345D /* pokedexsamorUITests.swift */,
				2CD854092CFA00160059345D /* pokedexsamorUITestsLaunchTests.swift */,
			);
			path = pokedexsamorUITests;
			sourceTree = "<group>";
		};
		2CD854162CFA00490059345D /* Models */ = {
			isa = PBXGroup;
			children = (
				2CF3CB322CFF8C770044ABF5 /* Color.swift */,
				2CD8541A2CFA00D20059345D /* Pokemon.swift */,
				2C44B9752CFA408000E76F86 /* PokemonDetail.swift */,
				2CD8541C2CFA00F70059345D /* User.swift */,
			);
			path = Models;
			sourceTree = "<group>";
		};
		2CD854172CFA005F0059345D /* Views */ = {
			isa = PBXGroup;
			children = (
				2CD854622CFA0ADC0059345D /* ProgressView.swift */,
				2CD8541E2CFA022C0059345D /* SplashView.swift */,
				2CD854202CFA026F0059345D /* LoginView.swift */,
				2CABCFD12D03465C00A28782 /* code_qr */,
				2CF3CB362CFFA4E40044ABF5 /* pokemon_list */,
				2CF3CB372CFFA4FE0044ABF5 /* pokemon_detail */,
			);
			path = Views;
			sourceTree = "<group>";
		};
		2CD854182CFA006C0059345D /* ViewsModels */ = {
			isa = PBXGroup;
			children = (
				2CD854282CFA039F0059345D /* LoginViewModel.swift */,
				2CD8542A2CFA03B00059345D /* PokemonListViewModel.swift */,
				2CD8542C2CFA03C00059345D /* PokemonDetailViewModel.swift */,
				2CABCFD62D03476600A28782 /* QRCodeScannerViewController.swift */,
			);
			path = ViewsModels;
			sourceTree = "<group>";
		};
		2CD854192CFA00830059345D /* Services */ = {
			isa = PBXGroup;
			children = (
				2CD8542E2CFA03CB0059345D /* APIService.swift */,
				2CD854302CFA03D60059345D /* AuthService.swift */,
				2CD854322CFA03E20059345D /* PokemonService.swift */,
			);
			path = Services;
			sourceTree = "<group>";
		};
		2CF3CB362CFFA4E40044ABF5 /* pokemon_list */ = {
			isa = PBXGroup;
			children = (
				2CA0E4162CFFB1DC00CC16A5 /* PokemonRowNavigationView.swift */,
				2CF3CB3A2CFFA5630044ABF5 /* pokemonSearchView.swift */,
				2CD854222CFA03660059345D /* PokemonListView.swift */,
				2CD854262CFA03830059345D /* TypeFilterSheet.swift */,
				2CD854342CFA044B0059345D /* PokemonRow.swift */,
				2CF3CB342CFF950E0044ABF5 /* PokemonTypeChip.swift */,
			);
			path = pokemon_list;
			sourceTree = "<group>";
		};
		2CF3CB372CFFA4FE0044ABF5 /* pokemon_detail */ = {
			isa = PBXGroup;
			children = (
				2CA0E4212CFFC6EB00CC16A5 /* ProgressBarView.swift */,
				2CD854242CFA03740059345D /* PokemonDetailView.swift */,
				2CA0E41F2CFFC6A500CC16A5 /* HeaderView.swift */,
				2CA0E4182CFFC5F300CC16A5 /* AboutTavView.swift */,
				2CA0E41A2CFFC60B00CC16A5 /* StatsTabView.swift */,
				2CA0E41D2CFFC63600CC16A5 /* EvolutionTabView.swift */,
				2CABCFDA2D034FD300A28782 /* TabButton.swift */,
			);
			path = pokemon_detail;
			sourceTree = "<group>";
		};
/* End PBXGroup section */

/* Begin PBXNativeTarget section */
		2CD853E82CFA00150059345D /* pokedexsamor */ = {
			isa = PBXNativeTarget;
			buildConfigurationList = 2CD8540D2CFA00160059345D /* Build configuration list for PBXNativeTarget "pokedexsamor" */;
			buildPhases = (
				2CD853E52CFA00150059345D /* Sources */,
				2CD853E62CFA00150059345D /* Frameworks */,
				2CD853E72CFA00150059345D /* Resources */,
			);
			buildRules = (
			);
			dependencies = (
			);
			name = pokedexsamor;
			productName = pokedexsamor;
			productReference = 2CD853E92CFA00150059345D /* pokedexsamor.app */;
			productType = "com.apple.product-type.application";
		};
		2CD853F82CFA00160059345D /* pokedexsamorTests */ = {
			isa = PBXNativeTarget;
			buildConfigurationList = 2CD854102CFA00160059345D /* Build configuration list for PBXNativeTarget "pokedexsamorTests" */;
			buildPhases = (
				2CD853F52CFA00160059345D /* Sources */,
				2CD853F62CFA00160059345D /* Frameworks */,
				2CD853F72CFA00160059345D /* Resources */,
			);
			buildRules = (
			);
			dependencies = (
				2CD853FB2CFA00160059345D /* PBXTargetDependency */,
			);
			name = pokedexsamorTests;
			productName = pokedexsamorTests;
			productReference = 2CD853F92CFA00160059345D /* pokedexsamorTests.xctest */;
			productType = "com.apple.product-type.bundle.unit-test";
		};
		2CD854022CFA00160059345D /* pokedexsamorUITests */ = {
			isa = PBXNativeTarget;
			buildConfigurationList = 2CD854132CFA00160059345D /* Build configuration list for PBXNativeTarget "pokedexsamorUITests" */;
			buildPhases = (
				2CD853FF2CFA00160059345D /* Sources */,
				2CD854002CFA00160059345D /* Frameworks */,
				2CD854012CFA00160059345D /* Resources */,
			);
			buildRules = (
			);
			dependencies = (
				2CD854052CFA00160059345D /* PBXTargetDependency */,
			);
			name = pokedexsamorUITests;
			productName = pokedexsamorUITests;
			productReference = 2CD854032CFA00160059345D /* pokedexsamorUITests.xctest */;
			productType = "com.apple.product-type.bundle.ui-testing";
		};
/* End PBXNativeTarget section */

/* Begin PBXProject section */
		2CD853E12CFA00150059345D /* Project object */ = {
			isa = PBXProject;
			attributes = {
				BuildIndependentTargetsInParallel = 1;
				LastSwiftUpdateCheck = 1520;
				LastUpgradeCheck = 1520;
				TargetAttributes = {
					2CD853E82CFA00150059345D = {
						CreatedOnToolsVersion = 15.2;
					};
					2CD853F82CFA00160059345D = {
						CreatedOnToolsVersion = 15.2;
						TestTargetID = 2CD853E82CFA00150059345D;
					};
					2CD854022CFA00160059345D = {
						CreatedOnToolsVersion = 15.2;
						TestTargetID = 2CD853E82CFA00150059345D;
					};
				};
			};
			buildConfigurationList = 2CD853E42CFA00150059345D /* Build configuration list for PBXProject "pokedexsamor" */;
			compatibilityVersion = "Xcode 14.0";
			developmentRegion = en;
			hasScannedForEncodings = 0;
			knownRegions = (
				en,
				Base,
			);
			mainGroup = 2CD853E02CFA00150059345D;
			productRefGroup = 2CD853EA2CFA00150059345D /* Products */;
			projectDirPath = "";
			projectRoot = "";
			targets = (
				2CD853E82CFA00150059345D /* pokedexsamor */,
				2CD853F82CFA00160059345D /* pokedexsamorTests */,
				2CD854022CFA00160059345D /* pokedexsamorUITests */,
			);
		};
/* End PBXProject section */

/* Begin PBXResourcesBuildPhase section */
		2CD853E72CFA00150059345D /* Resources */ = {
			isa = PBXResourcesBuildPhase;
			buildActionMask = 2147483647;
			files = (
				2CD853F42CFA00160059345D /* Preview Assets.xcassets in Resources */,
				2CD853F12CFA00160059345D /* Assets.xcassets in Resources */,
			);
			runOnlyForDeploymentPostprocessing = 0;
		};
		2CD853F72CFA00160059345D /* Resources */ = {
			isa = PBXResourcesBuildPhase;
			buildActionMask = 2147483647;
			files = (
			);
			runOnlyForDeploymentPostprocessing = 0;
		};
		2CD854012CFA00160059345D /* Resources */ = {
			isa = PBXResourcesBuildPhase;
			buildActionMask = 2147483647;
			files = (
			);
			runOnlyForDeploymentPostprocessing = 0;
		};
/* End PBXResourcesBuildPhase section */

/* Begin PBXSourcesBuildPhase section */
		2CD853E52CFA00150059345D /* Sources */ = {
			isa = PBXSourcesBuildPhase;
			buildActionMask = 2147483647;
			files = (
				2CD853ED2CFA00150059345D /* pokedexsamorApp.swift in Sources */,
				2CA0E4192CFFC5FB00CC16A5 /* AboutTavView.swift in Sources */,
				2CD854272CFA03830059345D /* TypeFilterSheet.swift in Sources */,
				2CABCFDB2D034FD300A28782 /* TabButton.swift in Sources */,
				2CD8541F2CFA022C0059345D /* SplashView.swift in Sources */,
				2CD8541B2CFA00D20059345D /* Pokemon.swift in Sources */,
				2CD854212CFA026F0059345D /* LoginView.swift in Sources */,
				2CA0E41B2CFFC60F00CC16A5 /* StatsTabView.swift in Sources */,
				2CD854232CFA03660059345D /* PokemonListView.swift in Sources */,
				2CD854632CFA0ADC0059345D /* ProgressView.swift in Sources */,
				2CA0E4172CFFB1E600CC16A5 /* PokemonRowNavigationView.swift in Sources */,
				2CA0E4222CFFC6F100CC16A5 /* ProgressBarView.swift in Sources */,
				2C44B9722CFA386000E76F86 /* pokedexsamorApp.swift in Sources */,
				2CD854312CFA03D60059345D /* AuthService.swift in Sources */,
				2CD854252CFA03740059345D /* PokemonDetailView.swift in Sources */,
				2CD8541D2CFA00F70059345D /* User.swift in Sources */,
				2CA0E41E2CFFC63B00CC16A5 /* EvolutionTabView.swift in Sources */,
				2CF3CB352CFF951A0044ABF5 /* PokemonTypeChip.swift in Sources */,
				2CF3CB3B2CFFA56E0044ABF5 /* pokemonSearchView.swift in Sources */,
				2CD8542D2CFA03C00059345D /* PokemonDetailViewModel.swift in Sources */,
				2CD8542B2CFA03B00059345D /* PokemonListViewModel.swift in Sources */,
				2CF3CB332CFF8C790044ABF5 /* Color.swift in Sources */,
				2CD854352CFA044B0059345D /* PokemonRow.swift in Sources */,
				2CD854332CFA03E20059345D /* PokemonService.swift in Sources */,
				2CD8542F2CFA03CB0059345D /* APIService.swift in Sources */,
				2CABCFD52D0346C400A28782 /* QRCodeScannerView.swift in Sources */,
				2C44B9762CFA408500E76F86 /* PokemonDetail.swift in Sources */,
				2CD854292CFA039F0059345D /* LoginViewModel.swift in Sources */,
				2CABCFD72D03476600A28782 /* QRCodeScannerViewController.swift in Sources */,
				2CA0E4202CFFC6A900CC16A5 /* HeaderView.swift in Sources */,
			);
			runOnlyForDeploymentPostprocessing = 0;
		};
		2CD853F52CFA00160059345D /* Sources */ = {
			isa = PBXSourcesBuildPhase;
			buildActionMask = 2147483647;
			files = (
				2CD853FE2CFA00160059345D /* pokedexsamorTests.swift in Sources */,
			);
			runOnlyForDeploymentPostprocessing = 0;
		};
		2CD853FF2CFA00160059345D /* Sources */ = {
			isa = PBXSourcesBuildPhase;
			buildActionMask = 2147483647;
			files = (
				2CD8540A2CFA00160059345D /* pokedexsamorUITestsLaunchTests.swift in Sources */,
				2CD854082CFA00160059345D /* pokedexsamorUITests.swift in Sources */,
			);
			runOnlyForDeploymentPostprocessing = 0;
		};
/* End PBXSourcesBuildPhase section */

/* Begin PBXTargetDependency section */
		2CD853FB2CFA00160059345D /* PBXTargetDependency */ = {
			isa = PBXTargetDependency;
			target = 2CD853E82CFA00150059345D /* pokedexsamor */;
			targetProxy = 2CD853FA2CFA00160059345D /* PBXContainerItemProxy */;
		};
		2CD854052CFA00160059345D /* PBXTargetDependency */ = {
			isa = PBXTargetDependency;
			target = 2CD853E82CFA00150059345D /* pokedexsamor */;
			targetProxy = 2CD854042CFA00160059345D /* PBXContainerItemProxy */;
		};
/* End PBXTargetDependency section */

/* Begin XCBuildConfiguration section */
		2CD8540B2CFA00160059345D /* Debug */ = {
			isa = XCBuildConfiguration;
			buildSettings = {
				ALWAYS_SEARCH_USER_PATHS = NO;
				ASSETCATALOG_COMPILER_GENERATE_SWIFT_ASSET_SYMBOL_EXTENSIONS = YES;
				CLANG_ANALYZER_NONNULL = YES;
				CLANG_ANALYZER_NUMBER_OBJECT_CONVERSION = YES_AGGRESSIVE;
				CLANG_CXX_LANGUAGE_STANDARD = "gnu++20";
				CLANG_ENABLE_MODULES = YES;
				CLANG_ENABLE_OBJC_ARC = YES;
				CLANG_ENABLE_OBJC_WEAK = YES;
				CLANG_WARN_BLOCK_CAPTURE_AUTORELEASING = YES;
				CLANG_WARN_BOOL_CONVERSION = YES;
				CLANG_WARN_COMMA = YES;
				CLANG_WARN_CONSTANT_CONVERSION = YES;
				CLANG_WARN_DEPRECATED_OBJC_IMPLEMENTATIONS = YES;
				CLANG_WARN_DIRECT_OBJC_ISA_USAGE = YES_ERROR;
				CLANG_WARN_DOCUMENTATION_COMMENTS = YES;
				CLANG_WARN_EMPTY_BODY = YES;
				CLANG_WARN_ENUM_CONVERSION = YES;
				CLANG_WARN_INFINITE_RECURSION = YES;
				CLANG_WARN_INT_CONVERSION = YES;
				CLANG_WARN_NON_LITERAL_NULL_CONVERSION = YES;
				CLANG_WARN_OBJC_IMPLICIT_RETAIN_SELF = YES;
				CLANG_WARN_OBJC_LITERAL_CONVERSION = YES;
				CLANG_WARN_OBJC_ROOT_CLASS = YES_ERROR;
				CLANG_WARN_QUOTED_INCLUDE_IN_FRAMEWORK_HEADER = YES;
				CLANG_WARN_RANGE_LOOP_ANALYSIS = YES;
				CLANG_WARN_STRICT_PROTOTYPES = YES;
				CLANG_WARN_SUSPICIOUS_MOVE = YES;
				CLANG_WARN_UNGUARDED_AVAILABILITY = YES_AGGRESSIVE;
				CLANG_WARN_UNREACHABLE_CODE = YES;
				CLANG_WARN__DUPLICATE_METHOD_MATCH = YES;
				COPY_PHASE_STRIP = NO;
				DEBUG_INFORMATION_FORMAT = dwarf;
				ENABLE_STRICT_OBJC_MSGSEND = YES;
				ENABLE_TESTABILITY = YES;
				ENABLE_USER_SCRIPT_SANDBOXING = YES;
				GCC_C_LANGUAGE_STANDARD = gnu17;
				GCC_DYNAMIC_NO_PIC = NO;
				GCC_NO_COMMON_BLOCKS = YES;
				GCC_OPTIMIZATION_LEVEL = 0;
				GCC_PREPROCESSOR_DEFINITIONS = (
					"DEBUG=1",
					"$(inherited)",
				);
				GCC_WARN_64_TO_32_BIT_CONVERSION = YES;
				GCC_WARN_ABOUT_RETURN_TYPE = YES_ERROR;
				GCC_WARN_UNDECLARED_SELECTOR = YES;
				GCC_WARN_UNINITIALIZED_AUTOS = YES_AGGRESSIVE;
				GCC_WARN_UNUSED_FUNCTION = YES;
				GCC_WARN_UNUSED_VARIABLE = YES;
				IPHONEOS_DEPLOYMENT_TARGET = 17.2;
				LOCALIZATION_PREFERS_STRING_CATALOGS = YES;
				MTL_ENABLE_DEBUG_INFO = INCLUDE_SOURCE;
				MTL_FAST_MATH = YES;
				ONLY_ACTIVE_ARCH = YES;
				SDKROOT = iphoneos;
				SWIFT_ACTIVE_COMPILATION_CONDITIONS = "DEBUG $(inherited)";
				SWIFT_OPTIMIZATION_LEVEL = "-Onone";
			};
			name = Debug;
		};
		2CD8540C2CFA00160059345D /* Release */ = {
			isa = XCBuildConfiguration;
			buildSettings = {
				ALWAYS_SEARCH_USER_PATHS = NO;
				ASSETCATALOG_COMPILER_GENERATE_SWIFT_ASSET_SYMBOL_EXTENSIONS = YES;
				CLANG_ANALYZER_NONNULL = YES;
				CLANG_ANALYZER_NUMBER_OBJECT_CONVERSION = YES_AGGRESSIVE;
				CLANG_CXX_LANGUAGE_STANDARD = "gnu++20";
				CLANG_ENABLE_MODULES = YES;
				CLANG_ENABLE_OBJC_ARC = YES;
				CLANG_ENABLE_OBJC_WEAK = YES;
				CLANG_WARN_BLOCK_CAPTURE_AUTORELEASING = YES;
				CLANG_WARN_BOOL_CONVERSION = YES;
				CLANG_WARN_COMMA = YES;
				CLANG_WARN_CONSTANT_CONVERSION = YES;
				CLANG_WARN_DEPRECATED_OBJC_IMPLEMENTATIONS = YES;
				CLANG_WARN_DIRECT_OBJC_ISA_USAGE = YES_ERROR;
				CLANG_WARN_DOCUMENTATION_COMMENTS = YES;
				CLANG_WARN_EMPTY_BODY = YES;
				CLANG_WARN_ENUM_CONVERSION = YES;
				CLANG_WARN_INFINITE_RECURSION = YES;
				CLANG_WARN_INT_CONVERSION = YES;
				CLANG_WARN_NON_LITERAL_NULL_CONVERSION = YES;
				CLANG_WARN_OBJC_IMPLICIT_RETAIN_SELF = YES;
				CLANG_WARN_OBJC_LITERAL_CONVERSION = YES;
				CLANG_WARN_OBJC_ROOT_CLASS = YES_ERROR;
				CLANG_WARN_QUOTED_INCLUDE_IN_FRAMEWORK_HEADER = YES;
				CLANG_WARN_RANGE_LOOP_ANALYSIS = YES;
				CLANG_WARN_STRICT_PROTOTYPES = YES;
				CLANG_WARN_SUSPICIOUS_MOVE = YES;
				CLANG_WARN_UNGUARDED_AVAILABILITY = YES_AGGRESSIVE;
				CLANG_WARN_UNREACHABLE_CODE = YES;
				CLANG_WARN__DUPLICATE_METHOD_MATCH = YES;
				COPY_PHASE_STRIP = NO;
				DEBUG_INFORMATION_FORMAT = "dwarf-with-dsym";
				ENABLE_NS_ASSERTIONS = NO;
				ENABLE_STRICT_OBJC_MSGSEND = YES;
				ENABLE_USER_SCRIPT_SANDBOXING = YES;
				GCC_C_LANGUAGE_STANDARD = gnu17;
				GCC_NO_COMMON_BLOCKS = YES;
				GCC_WARN_64_TO_32_BIT_CONVERSION = YES;
				GCC_WARN_ABOUT_RETURN_TYPE = YES_ERROR;
				GCC_WARN_UNDECLARED_SELECTOR = YES;
				GCC_WARN_UNINITIALIZED_AUTOS = YES_AGGRESSIVE;
				GCC_WARN_UNUSED_FUNCTION = YES;
				GCC_WARN_UNUSED_VARIABLE = YES;
				IPHONEOS_DEPLOYMENT_TARGET = 17.2;
				LOCALIZATION_PREFERS_STRING_CATALOGS = YES;
				MTL_ENABLE_DEBUG_INFO = NO;
				MTL_FAST_MATH = YES;
				SDKROOT = iphoneos;
				SWIFT_COMPILATION_MODE = wholemodule;
				VALIDATE_PRODUCT = YES;
			};
			name = Release;
		};
		2CD8540E2CFA00160059345D /* Debug */ = {
			isa = XCBuildConfiguration;
			buildSettings = {
				ASSETCATALOG_COMPILER_APPICON_NAME = AppIcon;
				ASSETCATALOG_COMPILER_GLOBAL_ACCENT_COLOR_NAME = AccentColor;
				CODE_SIGN_STYLE = Automatic;
				CURRENT_PROJECT_VERSION = 1;
				DEVELOPMENT_ASSET_PATHS = "\"pokedexsamor/Preview Content\"";
				DEVELOPMENT_TEAM = YXTNKKRWG7;
				ENABLE_PREVIEWS = YES;
				GENERATE_INFOPLIST_FILE = YES;
				INFOPLIST_FILE = pokedexsamor/Info.plist;
				INFOPLIST_KEY_NSCameraUsageDescription = "oualid the best";
				INFOPLIST_KEY_UIApplicationSceneManifest_Generation = YES;
				INFOPLIST_KEY_UIApplicationSupportsIndirectInputEvents = YES;
				INFOPLIST_KEY_UILaunchScreen_Generation = YES;
				INFOPLIST_KEY_UISupportedInterfaceOrientations_iPad = "UIInterfaceOrientationPortrait UIInterfaceOrientationPortraitUpsideDown UIInterfaceOrientationLandscapeLeft UIInterfaceOrientationLandscapeRight";
				INFOPLIST_KEY_UISupportedInterfaceOrientations_iPhone = "UIInterfaceOrientationPortrait UIInterfaceOrientationLandscapeLeft UIInterfaceOrientationLandscapeRight";
				LD_RUNPATH_SEARCH_PATHS = (
					"$(inherited)",
					"@executable_path/Frameworks",
				);
				MARKETING_VERSION = 1.0;
				PRODUCT_BUNDLE_IDENTIFIER = pokedex.pokedexsamor;
				PRODUCT_NAME = "$(TARGET_NAME)";
				SWIFT_EMIT_LOC_STRINGS = YES;
				SWIFT_VERSION = 5.0;
				TARGETED_DEVICE_FAMILY = "1,2";
			};
			name = Debug;
		};
		2CD8540F2CFA00160059345D /* Release */ = {
			isa = XCBuildConfiguration;
			buildSettings = {
				ASSETCATALOG_COMPILER_APPICON_NAME = AppIcon;
				ASSETCATALOG_COMPILER_GLOBAL_ACCENT_COLOR_NAME = AccentColor;
				CODE_SIGN_STYLE = Automatic;
				CURRENT_PROJECT_VERSION = 1;
				DEVELOPMENT_ASSET_PATHS = "\"pokedexsamor/Preview Content\"";
				DEVELOPMENT_TEAM = YXTNKKRWG7;
				ENABLE_PREVIEWS = YES;
				GENERATE_INFOPLIST_FILE = YES;
				INFOPLIST_FILE = pokedexsamor/Info.plist;
				INFOPLIST_KEY_NSCameraUsageDescription = "oualid the best";
				INFOPLIST_KEY_UIApplicationSceneManifest_Generation = YES;
				INFOPLIST_KEY_UIApplicationSupportsIndirectInputEvents = YES;
				INFOPLIST_KEY_UILaunchScreen_Generation = YES;
				INFOPLIST_KEY_UISupportedInterfaceOrientations_iPad = "UIInterfaceOrientationPortrait UIInterfaceOrientationPortraitUpsideDown UIInterfaceOrientationLandscapeLeft UIInterfaceOrientationLandscapeRight";
				INFOPLIST_KEY_UISupportedInterfaceOrientations_iPhone = "UIInterfaceOrientationPortrait UIInterfaceOrientationLandscapeLeft UIInterfaceOrientationLandscapeRight";
				LD_RUNPATH_SEARCH_PATHS = (
					"$(inherited)",
					"@executable_path/Frameworks",
				);
				MARKETING_VERSION = 1.0;
				PRODUCT_BUNDLE_IDENTIFIER = pokedex.pokedexsamor;
				PRODUCT_NAME = "$(TARGET_NAME)";
				SWIFT_EMIT_LOC_STRINGS = YES;
				SWIFT_VERSION = 5.0;
				TARGETED_DEVICE_FAMILY = "1,2";
			};
			name = Release;
		};
		2CD854112CFA00160059345D /* Debug */ = {
			isa = XCBuildConfiguration;
			buildSettings = {
				ALWAYS_EMBED_SWIFT_STANDARD_LIBRARIES = YES;
				BUNDLE_LOADER = "$(TEST_HOST)";
				CODE_SIGN_STYLE = Automatic;
				CURRENT_PROJECT_VERSION = 1;
				GENERATE_INFOPLIST_FILE = YES;
				IPHONEOS_DEPLOYMENT_TARGET = 17.2;
				MARKETING_VERSION = 1.0;
				PRODUCT_BUNDLE_IDENTIFIER = pokedex.pokedexsamorTests;
				PRODUCT_NAME = "$(TARGET_NAME)";
				SWIFT_EMIT_LOC_STRINGS = NO;
				SWIFT_VERSION = 5.0;
				TARGETED_DEVICE_FAMILY = "1,2";
				TEST_HOST = "$(BUILT_PRODUCTS_DIR)/pokedexsamor.app/$(BUNDLE_EXECUTABLE_FOLDER_PATH)/pokedexsamor";
			};
			name = Debug;
		};
		2CD854122CFA00160059345D /* Release */ = {
			isa = XCBuildConfiguration;
			buildSettings = {
				ALWAYS_EMBED_SWIFT_STANDARD_LIBRARIES = YES;
				BUNDLE_LOADER = "$(TEST_HOST)";
				CODE_SIGN_STYLE = Automatic;
				CURRENT_PROJECT_VERSION = 1;
				GENERATE_INFOPLIST_FILE = YES;
				IPHONEOS_DEPLOYMENT_TARGET = 17.2;
				MARKETING_VERSION = 1.0;
				PRODUCT_BUNDLE_IDENTIFIER = pokedex.pokedexsamorTests;
				PRODUCT_NAME = "$(TARGET_NAME)";
				SWIFT_EMIT_LOC_STRINGS = NO;
				SWIFT_VERSION = 5.0;
				TARGETED_DEVICE_FAMILY = "1,2";
				TEST_HOST = "$(BUILT_PRODUCTS_DIR)/pokedexsamor.app/$(BUNDLE_EXECUTABLE_FOLDER_PATH)/pokedexsamor";
			};
			name = Release;
		};
		2CD854142CFA00160059345D /* Debug */ = {
			isa = XCBuildConfiguration;
			buildSettings = {
				ALWAYS_EMBED_SWIFT_STANDARD_LIBRARIES = YES;
				CODE_SIGN_STYLE = Automatic;
				CURRENT_PROJECT_VERSION = 1;
				GENERATE_INFOPLIST_FILE = YES;
				MARKETING_VERSION = 1.0;
				PRODUCT_BUNDLE_IDENTIFIER = pokedex.pokedexsamorUITests;
				PRODUCT_NAME = "$(TARGET_NAME)";
				SWIFT_EMIT_LOC_STRINGS = NO;
				SWIFT_VERSION = 5.0;
				TARGETED_DEVICE_FAMILY = "1,2";
				TEST_TARGET_NAME = pokedexsamor;
			};
			name = Debug;
		};
		2CD854152CFA00160059345D /* Release */ = {
			isa = XCBuildConfiguration;
			buildSettings = {
				ALWAYS_EMBED_SWIFT_STANDARD_LIBRARIES = YES;
				CODE_SIGN_STYLE = Automatic;
				CURRENT_PROJECT_VERSION = 1;
				GENERATE_INFOPLIST_FILE = YES;
				MARKETING_VERSION = 1.0;
				PRODUCT_BUNDLE_IDENTIFIER = pokedex.pokedexsamorUITests;
				PRODUCT_NAME = "$(TARGET_NAME)";
				SWIFT_EMIT_LOC_STRINGS = NO;
				SWIFT_VERSION = 5.0;
				TARGETED_DEVICE_FAMILY = "1,2";
				TEST_TARGET_NAME = pokedexsamor;
			};
			name = Release;
		};
/* End XCBuildConfiguration section */

/* Begin XCConfigurationList section */
		2CD853E42CFA00150059345D /* Build configuration list for PBXProject "pokedexsamor" */ = {
			isa = XCConfigurationList;
			buildConfigurations = (
				2CD8540B2CFA00160059345D /* Debug */,
				2CD8540C2CFA00160059345D /* Release */,
			);
			defaultConfigurationIsVisible = 0;
			defaultConfigurationName = Release;
		};
		2CD8540D2CFA00160059345D /* Build configuration list for PBXNativeTarget "pokedexsamor" */ = {
			isa = XCConfigurationList;
			buildConfigurations = (
				2CD8540E2CFA00160059345D /* Debug */,
				2CD8540F2CFA00160059345D /* Release */,
			);
			defaultConfigurationIsVisible = 0;
			defaultConfigurationName = Release;
		};
		2CD854102CFA00160059345D /* Build configuration list for PBXNativeTarget "pokedexsamorTests" */ = {
			isa = XCConfigurationList;
			buildConfigurations = (
				2CD854112CFA00160059345D /* Debug */,
				2CD854122CFA00160059345D /* Release */,
			);
			defaultConfigurationIsVisible = 0;
			defaultConfigurationName = Release;
		};
		2CD854132CFA00160059345D /* Build configuration list for PBXNativeTarget "pokedexsamorUITests" */ = {
			isa = XCConfigurationList;
			buildConfigurations = (
				2CD854142CFA00160059345D /* Debug */,
				2CD854152CFA00160059345D /* Release */,
			);
			defaultConfigurationIsVisible = 0;
			defaultConfigurationName = Release;
		};
/* End XCConfigurationList section */
	};
	rootObject = 2CD853E12CFA00150059345D /* Project object */;
}
